
Microsoft Visual Studio Solution File, Format Version 12.00
# Visual Studio Version 17
VisualStudioVersion = 17.3.32825.248
MinimumVisualStudioVersion = 10.0.40219.1
Project("{8BC9CEB8-8B4A-11D0-8D11-00A0C91BC942}") = "Project1", "Project1\Project1.vcxproj", "{735A0127-4FB1-47BF-A3EE-B1A6C7109558}"
EndProject
Project("{8BC9CEB8-8B4A-11D0-8D11-00A0C91BC942}") = "pp2", "pp2\pp2.vcxproj", "{852F8F49-5A4B-4EE7-8ACB-3AD60E05162C}"
EndProject
Global
	GlobalSection(SolutionConfigurationPlatforms) = preSolution
		Debug|x64 = Debug|x64
		Debug|x86 = Debug|x86
		Release|x64 = Release|x64
		Release|x86 = Release|x86
	EndGlobalSection
	GlobalSection(ProjectConfigurationPlatforms) = postSolution
		{735A0127-4FB1-47BF-A3EE-B1A6C7109558}.Debug|x64.ActiveCfg = Debug|x64
		{735A0127-4FB1-47BF-A3EE-B1A6C7109558}.Debug|x64.Build.0 = Debug|x64
		{735A0127-4FB1-47BF-A3EE-B1A6C7109558}.Debug|x86.ActiveCfg = Debug|Win32
		{735A0127-4FB1-47BF-A3EE-B1A6C7109558}.Debug|x86.Build.0 = Debug|Win32
		{735A0127-4FB1-47BF-A3EE-B1A6C7109558}.Release|x64.ActiveCfg = Release|x64
		{735A0127-4FB1-47BF-A3EE-B1A6C7109558}.Release|x64.Build.0 = Release|x64
		{735A0127-4FB1-47BF-A3EE-B1A6C7109558}.Release|x86.ActiveCfg = Release|Win32
		{735A0127-4FB1-47BF-A3EE-B1A6C7109558}.Release|x86.Build.0 = Release|Win32
		{852F8F49-5A4B-4EE7-8ACB-3AD60E05162C}.Debug|x64.ActiveCfg = Debug|x64
		{852F8F49-5A4B-4EE7-8ACB-3AD60E05162C}.Debug|x64.Build.0 = Debug|x64
		{852F8F49-5A4B-4EE7-8ACB-3AD60E05162C}.Debug|x86.ActiveCfg = Debug|Win32
		{852F8F49-5A4B-4EE7-8ACB-3AD60E05162C}.Debug|x86.Build.0 = Debug|Win32
		{852F8F49-5A4B-4EE7-8ACB-3AD60E05162C}.Release|x64.ActiveCfg = Release|x64
		{852F8F49-5A4B-4EE7-8ACB-3AD60E05162C}.Release|x64.Build.0 = Release|x64
		{852F8F49-5A4B-4EE7-8ACB-3AD60E05162C}.Release|x86.ActiveCfg = Release|Win32
		{852F8F49-5A4B-4EE7-8ACB-3AD60E05162C}.Release|x86.Build.0 = Release|Win32
	EndGlobalSection
	GlobalSection(SolutionProperties) = preSolution
		HideSolutionNode = FALSE
	EndGlobalSection
	GlobalSection(ExtensibilityGlobals) = postSolution
		SolutionGuid = {AEEF1B4F-CECA-47AE-A0B6-0A2265F864D1}
	EndGlobalSection
EndGlobal
